
Microsoft Visual Studio Solution File, Format Version 12.00
# Visual Studio 15
VisualStudioVersion = 15.0.28307.757
MinimumVisualStudioVersion = 10.0.40219.1
Project("{8BC9CEB8-8B4A-11D0-8D11-00A0C91BC942}") = "Pledge", "Pledge.vcxproj", "{290D62A0-E236-4204-855F-36D8D0645957}"
EndProject
Global
	GlobalSection(SolutionConfigurationPlatforms) = preSolution
		Debug|x64 = Debug|x64
		Debug|x86 = Debug|x86
		Release|x64 = Release|x64
		Release|x86 = Release|x86
	EndGlobalSection
	GlobalSection(ProjectConfigurationPlatforms) = postSolution
		{290D62A0-E236-4204-855F-36D8D0645957}.Debug|x64.ActiveCfg = Debug|x64
		{290D62A0-E236-4204-855F-36D8D0645957}.Debug|x64.Build.0 = Debug|x64
		{290D62A0-E236-4204-855F-36D8D0645957}.Debug|x86.ActiveCfg = Debug|Win32
		{290D62A0-E236-4204-855F-36D8D0645957}.Debug|x86.Build.0 = Debug|Win32
		{290D62A0-E236-4204-855F-36D8D0645957}.Release|x64.ActiveCfg = Release|x64
		{290D62A0-E236-4204-855F-36D8D0645957}.Release|x64.Build.0 = Release|x64
		{290D62A0-E236-4204-855F-36D8D0645957}.Release|x86.ActiveCfg = Release|Win32
		{290D62A0-E236-4204-855F-36D8D0645957}.Release|x86.Build.0 = Release|Win32
	EndGlobalSection
	GlobalSection(SolutionProperties) = preSolution
		HideSolutionNode = FALSE
	EndGlobalSection
	GlobalSection(ExtensibilityGlobals) = postSolution
		SolutionGuid = {8479B1F9-B025-483F-94F5-D4AB0C74FF3B}
	EndGlobalSection
EndGlobal
