
Microsoft Visual Studio Solution File, Format Version 12.00
# Visual Studio 15
VisualStudioVersion = 15.0.28307.757
MinimumVisualStudioVersion = 10.0.40219.1
Project("{8BC9CEB8-8B4A-11D0-8D11-00A0C91BC942}") = "AutomationProxyStubDll", "AutomationProxyStubDll.vcxproj", "{0B3F927D-EE16-4323-B5F2-EC0EE9E1D860}"
EndProject
Global
	GlobalSection(SolutionConfigurationPlatforms) = preSolution
		Debug|x64 = Debug|x64
		Debug|x86 = Debug|x86
		Release|x64 = Release|x64
		Release|x86 = Release|x86
	EndGlobalSection
	GlobalSection(ProjectConfigurationPlatforms) = postSolution
		{0B3F927D-EE16-4323-B5F2-EC0EE9E1D860}.Debug|x64.ActiveCfg = Debug|x64
		{0B3F927D-EE16-4323-B5F2-EC0EE9E1D860}.Debug|x64.Build.0 = Debug|x64
		{0B3F927D-EE16-4323-B5F2-EC0EE9E1D860}.Debug|x86.ActiveCfg = Debug|Win32
		{0B3F927D-EE16-4323-B5F2-EC0EE9E1D860}.Debug|x86.Build.0 = Debug|Win32
		{0B3F927D-EE16-4323-B5F2-EC0EE9E1D860}.Release|x64.ActiveCfg = Release|x64
		{0B3F927D-EE16-4323-B5F2-EC0EE9E1D860}.Release|x64.Build.0 = Release|x64
		{0B3F927D-EE16-4323-B5F2-EC0EE9E1D860}.Release|x86.ActiveCfg = Release|Win32
		{0B3F927D-EE16-4323-B5F2-EC0EE9E1D860}.Release|x86.Build.0 = Release|Win32
	EndGlobalSection
	GlobalSection(SolutionProperties) = preSolution
		HideSolutionNode = FALSE
	EndGlobalSection
	GlobalSection(ExtensibilityGlobals) = postSolution
		SolutionGuid = {B2FD5DAD-EE07-47DA-829C-5D53EC674E76}
	EndGlobalSection
EndGlobal
